
Microsoft Visual Studio Solution File, Format Version 12.00
# Visual Studio Version 17
VisualStudioVersion = 17.5.33502.453
MinimumVisualStudioVersion = 10.0.40219.1
Project("{9A19103F-16F7-4668-BE54-9A1E7A4F7556}") = "Back-end-AndesExpress", "Back-end-AndesExpress\Back-end-AndesExpress.csproj", "{EE30CFF7-10E3-4FF7-B58E-F1C7FFBBF414}"
EndProject
Global
	GlobalSection(SolutionConfigurationPlatforms) = preSolution
		Debug|Any CPU = Debug|Any CPU
		Release|Any CPU = Release|Any CPU
	EndGlobalSection
	GlobalSection(ProjectConfigurationPlatforms) = postSolution
		{EE30CFF7-10E3-4FF7-B58E-F1C7FFBBF414}.Debug|Any CPU.ActiveCfg = Debug|Any CPU
		{EE30CFF7-10E3-4FF7-B58E-F1C7FFBBF414}.Debug|Any CPU.Build.0 = Debug|Any CPU
		{EE30CFF7-10E3-4FF7-B58E-F1C7FFBBF414}.Release|Any CPU.ActiveCfg = Release|Any CPU
		{EE30CFF7-10E3-4FF7-B58E-F1C7FFBBF414}.Release|Any CPU.Build.0 = Release|Any CPU
	EndGlobalSection
	GlobalSection(SolutionProperties) = preSolution
		HideSolutionNode = FALSE
	EndGlobalSection
	GlobalSection(ExtensibilityGlobals) = postSolution
		SolutionGuid = {1223358D-5F3B-43CA-B642-5E33E6134DB6}
	EndGlobalSection
EndGlobal
